
Microsoft Visual Studio Solution File, Format Version 12.00
# Visual Studio Version 16
VisualStudioVersion = 16.0.30611.23
MinimumVisualStudioVersion = 10.0.40219.1
Project("{8BC9CEB8-8B4A-11D0-8D11-00A0C91BC942}") = "Trabalho EDA Fase1", "Trabalho EDA Fase1\Trabalho EDA Fase1.vcxproj", "{804039D3-F1AE-48C9-A7B4-FD59215EFAD2}"
EndProject
Global
	GlobalSection(SolutionConfigurationPlatforms) = preSolution
		Debug|x64 = Debug|x64
		Debug|x86 = Debug|x86
		Release|x64 = Release|x64
		Release|x86 = Release|x86
	EndGlobalSection
	GlobalSection(ProjectConfigurationPlatforms) = postSolution
		{804039D3-F1AE-48C9-A7B4-FD59215EFAD2}.Debug|x64.ActiveCfg = Debug|x64
		{804039D3-F1AE-48C9-A7B4-FD59215EFAD2}.Debug|x64.Build.0 = Debug|x64
		{804039D3-F1AE-48C9-A7B4-FD59215EFAD2}.Debug|x86.ActiveCfg = Debug|Win32
		{804039D3-F1AE-48C9-A7B4-FD59215EFAD2}.Debug|x86.Build.0 = Debug|Win32
		{804039D3-F1AE-48C9-A7B4-FD59215EFAD2}.Release|x64.ActiveCfg = Release|x64
		{804039D3-F1AE-48C9-A7B4-FD59215EFAD2}.Release|x64.Build.0 = Release|x64
		{804039D3-F1AE-48C9-A7B4-FD59215EFAD2}.Release|x86.ActiveCfg = Release|Win32
		{804039D3-F1AE-48C9-A7B4-FD59215EFAD2}.Release|x86.Build.0 = Release|Win32
	EndGlobalSection
	GlobalSection(SolutionProperties) = preSolution
		HideSolutionNode = FALSE
	EndGlobalSection
	GlobalSection(ExtensibilityGlobals) = postSolution
		SolutionGuid = {4AB90175-1B1C-489A-BD91-879872F2B7A3}
	EndGlobalSection
EndGlobal
